
Microsoft Visual Studio Solution File, Format Version 12.00
# Visual Studio Version 16
VisualStudioVersion = 16.0.31515.178
MinimumVisualStudioVersion = 10.0.40219.1
Project("{2150E333-8FDC-42A3-9474-1A3956D46DE8}") = "1. Presentacion", "1. Presentacion", "{7E265DF2-B1B5-47C0-BC4F-14341AE416BC}"
EndProject
Project("{2150E333-8FDC-42A3-9474-1A3956D46DE8}") = "3. Negocio", "3. Negocio", "{0FE18B78-FBFB-4C99-8B89-CD6FD2B96585}"
EndProject
Project("{2150E333-8FDC-42A3-9474-1A3956D46DE8}") = "2. Datos", "2. Datos", "{0346F414-D94E-4BAE-8FA8-0D839B9C48E0}"
EndProject
Project("{2150E333-8FDC-42A3-9474-1A3956D46DE8}") = "4. Servicios", "4. Servicios", "{DD226EDA-8908-4E07-A725-81B51547CCCE}"
EndProject
Project("{2150E333-8FDC-42A3-9474-1A3956D46DE8}") = "5. Transversales", "5. Transversales", "{29F01F49-BB71-463D-B9DA-2D60A2296295}"
EndProject
Project("{F184B08F-C81C-45F6-A57F-5ABD9991F28F}") = "App-front", "App-front\App-front.vbproj", "{69984267-BAEA-4E93-AE88-1FB129F72F0A}"
EndProject
Project("{FAE04EC0-301F-11D3-BF4B-00C04F79EFBC}") = "RH.Servicios.API", "RH.Servicios.API\RH.Servicios.API.csproj", "{72D2717F-608C-48F8-8DD3-1C392E0A67D6}"
EndProject
Project("{FAE04EC0-301F-11D3-BF4B-00C04F79EFBC}") = "RH.Entidades", "RH.Entidades\RH.Entidades.csproj", "{0A575E50-556F-4BFA-BFF6-F9C718520425}"
EndProject
Project("{FAE04EC0-301F-11D3-BF4B-00C04F79EFBC}") = "RH.Negocio", "RH.Negocio\RH.Negocio.csproj", "{C7D542A1-1DC2-455E-9736-BB40FD2A39B8}"
EndProject
Project("{FAE04EC0-301F-11D3-BF4B-00C04F79EFBC}") = "RH.Datos", "RH.Datos\RH.Datos.csproj", "{2706A599-6C80-4A1E-9F2D-40D5E47E86BD}"
EndProject
Project("{FAE04EC0-301F-11D3-BF4B-00C04F79EFBC}") = "RH.Utilidades", "RH.Utilidades\RH.Utilidades.csproj", "{91577D1E-4BBE-47E0-8352-71D597012B9B}"
EndProject
Global
	GlobalSection(SolutionConfigurationPlatforms) = preSolution
		Debug|Any CPU = Debug|Any CPU
		Release|Any CPU = Release|Any CPU
	EndGlobalSection
	GlobalSection(ProjectConfigurationPlatforms) = postSolution
		{69984267-BAEA-4E93-AE88-1FB129F72F0A}.Debug|Any CPU.ActiveCfg = Debug|Any CPU
		{69984267-BAEA-4E93-AE88-1FB129F72F0A}.Debug|Any CPU.Build.0 = Debug|Any CPU
		{69984267-BAEA-4E93-AE88-1FB129F72F0A}.Release|Any CPU.ActiveCfg = Release|Any CPU
		{69984267-BAEA-4E93-AE88-1FB129F72F0A}.Release|Any CPU.Build.0 = Release|Any CPU
		{72D2717F-608C-48F8-8DD3-1C392E0A67D6}.Debug|Any CPU.ActiveCfg = Debug|Any CPU
		{72D2717F-608C-48F8-8DD3-1C392E0A67D6}.Debug|Any CPU.Build.0 = Debug|Any CPU
		{72D2717F-608C-48F8-8DD3-1C392E0A67D6}.Release|Any CPU.ActiveCfg = Release|Any CPU
		{72D2717F-608C-48F8-8DD3-1C392E0A67D6}.Release|Any CPU.Build.0 = Release|Any CPU
		{0A575E50-556F-4BFA-BFF6-F9C718520425}.Debug|Any CPU.ActiveCfg = Debug|Any CPU
		{0A575E50-556F-4BFA-BFF6-F9C718520425}.Debug|Any CPU.Build.0 = Debug|Any CPU
		{0A575E50-556F-4BFA-BFF6-F9C718520425}.Release|Any CPU.ActiveCfg = Release|Any CPU
		{0A575E50-556F-4BFA-BFF6-F9C718520425}.Release|Any CPU.Build.0 = Release|Any CPU
		{C7D542A1-1DC2-455E-9736-BB40FD2A39B8}.Debug|Any CPU.ActiveCfg = Debug|Any CPU
		{C7D542A1-1DC2-455E-9736-BB40FD2A39B8}.Debug|Any CPU.Build.0 = Debug|Any CPU
		{C7D542A1-1DC2-455E-9736-BB40FD2A39B8}.Release|Any CPU.ActiveCfg = Release|Any CPU
		{C7D542A1-1DC2-455E-9736-BB40FD2A39B8}.Release|Any CPU.Build.0 = Release|Any CPU
		{2706A599-6C80-4A1E-9F2D-40D5E47E86BD}.Debug|Any CPU.ActiveCfg = Debug|Any CPU
		{2706A599-6C80-4A1E-9F2D-40D5E47E86BD}.Debug|Any CPU.Build.0 = Debug|Any CPU
		{2706A599-6C80-4A1E-9F2D-40D5E47E86BD}.Release|Any CPU.ActiveCfg = Release|Any CPU
		{2706A599-6C80-4A1E-9F2D-40D5E47E86BD}.Release|Any CPU.Build.0 = Release|Any CPU
		{91577D1E-4BBE-47E0-8352-71D597012B9B}.Debug|Any CPU.ActiveCfg = Debug|Any CPU
		{91577D1E-4BBE-47E0-8352-71D597012B9B}.Debug|Any CPU.Build.0 = Debug|Any CPU
		{91577D1E-4BBE-47E0-8352-71D597012B9B}.Release|Any CPU.ActiveCfg = Release|Any CPU
		{91577D1E-4BBE-47E0-8352-71D597012B9B}.Release|Any CPU.Build.0 = Release|Any CPU
	EndGlobalSection
	GlobalSection(SolutionProperties) = preSolution
		HideSolutionNode = FALSE
	EndGlobalSection
	GlobalSection(NestedProjects) = preSolution
		{69984267-BAEA-4E93-AE88-1FB129F72F0A} = {7E265DF2-B1B5-47C0-BC4F-14341AE416BC}
		{72D2717F-608C-48F8-8DD3-1C392E0A67D6} = {DD226EDA-8908-4E07-A725-81B51547CCCE}
		{0A575E50-556F-4BFA-BFF6-F9C718520425} = {0FE18B78-FBFB-4C99-8B89-CD6FD2B96585}
		{C7D542A1-1DC2-455E-9736-BB40FD2A39B8} = {0FE18B78-FBFB-4C99-8B89-CD6FD2B96585}
		{2706A599-6C80-4A1E-9F2D-40D5E47E86BD} = {0346F414-D94E-4BAE-8FA8-0D839B9C48E0}
		{91577D1E-4BBE-47E0-8352-71D597012B9B} = {29F01F49-BB71-463D-B9DA-2D60A2296295}
	EndGlobalSection
	GlobalSection(ExtensibilityGlobals) = postSolution
		SolutionGuid = {0898F3AD-B5C2-4E01-B8F2-EF077B1A0A9B}
	EndGlobalSection
EndGlobal
